Microsoft Visual Studio Solution File, Format Version 12.00
# Visual Studio Version 17
VisualStudioVersion = 17.5.2.0
MinimumVisualStudioVersion = 10.0.40219.1
Project("{FAE04EC0-301F-11D3-BF4B-00C04F79EFBC}") = "MiniJeuCartesAWS", "MiniJeuCartesAWS.csproj", "{1C2DB78A-0E8A-4F0E-2E81-3ECCF2C1898A}"
EndProject
Global
	GlobalSection(SolutionConfigurationPlatforms) = preSolution
		Debug|Any CPU = Debug|Any CPU
		Release|Any CPU = Release|Any CPU
	EndGlobalSection
	GlobalSection(ProjectConfigurationPlatforms) = postSolution
		{1C2DB78A-0E8A-4F0E-2E81-3ECCF2C1898A}.Debug|Any CPU.ActiveCfg = Debug|Any CPU
		{1C2DB78A-0E8A-4F0E-2E81-3ECCF2C1898A}.Debug|Any CPU.Build.0 = Debug|Any CPU
		{1C2DB78A-0E8A-4F0E-2E81-3ECCF2C1898A}.Release|Any CPU.ActiveCfg = Release|Any CPU
		{1C2DB78A-0E8A-4F0E-2E81-3ECCF2C1898A}.Release|Any CPU.Build.0 = Release|Any CPU
	EndGlobalSection
	GlobalSection(SolutionProperties) = preSolution
		HideSolutionNode = FALSE
	EndGlobalSection
	GlobalSection(ExtensibilityGlobals) = postSolution
		SolutionGuid = {E0D3D713-8FB4-4223-9AF5-691F1B842084}
	EndGlobalSection
EndGlobal
